{
  "requires": true,
  "lockfileVersion": 1,
  "dependencies": {
    "zco": {
      "version": "1.3.5",
      "resolved": "https://registry.npmjs.org/zco/-/zco-1.3.5.tgz",
      "integrity": "sha512-UlnugqIh+YKWc4K6UrByxurFHLYllsLPoTz5bbCIrX1TSC7M/3eSiE3Ozasyq+kEiac6CfmBymfLZcNan11LMA=="
    }
  }
}
